{
  "name": "twitproview-root",
  "version": "1.0.0",
  "lockfileVersion": 2,
  "requires": true,
  "packages": {
    "": {
      "name": "twitproview-root",
      "version": "1.0.0",
      "license": "MIT",
      "dependencies": {
        "twitter-api-v2": "1.23.2"
      }
    },
    "node_modules/twitter-api-v2": {
      "version": "1.23.2",
      "resolved": "https://registry.npmjs.org/twitter-api-v2/-/twitter-api-v2-1.23.2.tgz",
      "integrity": "sha512-m0CGXmfGwUhWBOOTVCIXIoSEXwGCQV3Es9yraCwUxaVrjJT2CQcqDrQsQTpBhtiAvVL2HS1cCEGsotNjfX9log=="
    }
  },
  "dependencies": {
    "twitter-api-v2": {
      "version": "1.23.2",
      "resolved": "https://registry.npmjs.org/twitter-api-v2/-/twitter-api-v2-1.23.2.tgz",
      "integrity": "sha512-m0CGXmfGwUhWBOOTVCIXIoSEXwGCQV3Es9yraCwUxaVrjJT2CQcqDrQsQTpBhtiAvVL2HS1cCEGsotNjfX9log=="
    }
  }
}
